
Microsoft Visual Studio Solution File, Format Version 12.00
# Visual Studio Version 17
VisualStudioVersion = 17.5.002.0
MinimumVisualStudioVersion = 10.0.40219.1
Project("{9A19103F-16F7-4668-BE54-9A1E7A4F7556}") = "H.W#1.pro", "H.W#1.pro.csproj", "{D0BDEFD6-15DB-4555-916D-E87EA10D9B91}"
EndProject
Global
	GlobalSection(SolutionConfigurationPlatforms) = preSolution
		Debug|Any CPU = Debug|Any CPU
		Release|Any CPU = Release|Any CPU
	EndGlobalSection
	GlobalSection(ProjectConfigurationPlatforms) = postSolution
		{D0BDEFD6-15DB-4555-916D-E87EA10D9B91}.Debug|Any CPU.ActiveCfg = Debug|Any CPU
		{D0BDEFD6-15DB-4555-916D-E87EA10D9B91}.Debug|Any CPU.Build.0 = Debug|Any CPU
		{D0BDEFD6-15DB-4555-916D-E87EA10D9B91}.Release|Any CPU.ActiveCfg = Release|Any CPU
		{D0BDEFD6-15DB-4555-916D-E87EA10D9B91}.Release|Any CPU.Build.0 = Release|Any CPU
	EndGlobalSection
	GlobalSection(SolutionProperties) = preSolution
		HideSolutionNode = FALSE
	EndGlobalSection
	GlobalSection(ExtensibilityGlobals) = postSolution
		SolutionGuid = {D2629D1B-3E09-4E5A-A85A-88D137F695E2}
	EndGlobalSection
EndGlobal
